
Microsoft Visual Studio Solution File, Format Version 12.00
Project("{FAE04EC0-301F-11D3-BF4B-00C04F79EFBC}") = "a.ReportRepair", "a.ReportRepair\a.ReportRepair.csproj", "{97483517-D0B2-4950-88AD-F6BC1D469FC8}"
EndProject
Project("{FAE04EC0-301F-11D3-BF4B-00C04F79EFBC}") = "b.PasswordPhillosophy", "b.PasswordPhillosophy\b.PasswordPhillosophy.csproj", "{879F3381-F7CC-4BA3-8394-996B78A4E38A}"
EndProject
Project("{FAE04EC0-301F-11D3-BF4B-00C04F79EFBC}") = "c.TobogganTrajectory", "c.TobogganTrajectory\c.TobogganTrajectory.csproj", "{09876D7C-3200-4656-858E-4B7B162647D9}"
EndProject
Project("{FAE04EC0-301F-11D3-BF4B-00C04F79EFBC}") = "d.PassportProcessing", "d.PassportProcessing\d.PassportProcessing.csproj", "{A4060480-6B75-4419-AB9A-B6B22021F168}"
EndProject
Project("{FAE04EC0-301F-11D3-BF4B-00C04F79EFBC}") = "e.BinaryBoarding", "e.BinaryBoarding\e.BinaryBoarding.csproj", "{A952969F-2C9A-428C-9A1F-7D46E70AD9AA}"
EndProject
Project("{FAE04EC0-301F-11D3-BF4B-00C04F79EFBC}") = "a.Common", "a.Common\a.Common.csproj", "{F2751B22-D47B-405E-8C00-DFF0EE31A577}"
EndProject
Project("{FAE04EC0-301F-11D3-BF4B-00C04F79EFBC}") = "f.CustomCustoms", "f.CustomCustoms\f.CustomCustoms.csproj", "{99FD52B3-BCA5-426C-B25C-56DBD08CE97C}"
EndProject
Project("{FAE04EC0-301F-11D3-BF4B-00C04F79EFBC}") = "g.HandyHaversacks", "g.HandyHaversacks\g.HandyHaversacks.csproj", "{2472C815-8299-4CB1-AE86-7753AE6B3205}"
EndProject
Project("{FAE04EC0-301F-11D3-BF4B-00C04F79EFBC}") = "h.HandheldHalting", "h.HandheldHalting\h.HandheldHalting.csproj", "{69B5FE88-EF0C-4806-9205-7A9966295169}"
EndProject
Project("{FAE04EC0-301F-11D3-BF4B-00C04F79EFBC}") = "i.EncodingError", "i.EncodingError\i.EncodingError.csproj", "{AC7060AE-4403-4605-B723-553CD2794833}"
EndProject
Project("{FAE04EC0-301F-11D3-BF4B-00C04F79EFBC}") = "j.AdapterArray", "j.AdapterArray\j.AdapterArray.csproj", "{B2EAA23D-C81B-4E2B-9E2E-EFB7F587398D}"
EndProject
Global
	GlobalSection(SolutionConfigurationPlatforms) = preSolution
		Debug|Any CPU = Debug|Any CPU
		Release|Any CPU = Release|Any CPU
	EndGlobalSection
	GlobalSection(ProjectConfigurationPlatforms) = postSolution
		{97483517-D0B2-4950-88AD-F6BC1D469FC8}.Debug|Any CPU.ActiveCfg = Debug|Any CPU
		{97483517-D0B2-4950-88AD-F6BC1D469FC8}.Debug|Any CPU.Build.0 = Debug|Any CPU
		{97483517-D0B2-4950-88AD-F6BC1D469FC8}.Release|Any CPU.ActiveCfg = Release|Any CPU
		{97483517-D0B2-4950-88AD-F6BC1D469FC8}.Release|Any CPU.Build.0 = Release|Any CPU
		{879F3381-F7CC-4BA3-8394-996B78A4E38A}.Debug|Any CPU.ActiveCfg = Debug|Any CPU
		{879F3381-F7CC-4BA3-8394-996B78A4E38A}.Debug|Any CPU.Build.0 = Debug|Any CPU
		{879F3381-F7CC-4BA3-8394-996B78A4E38A}.Release|Any CPU.ActiveCfg = Release|Any CPU
		{879F3381-F7CC-4BA3-8394-996B78A4E38A}.Release|Any CPU.Build.0 = Release|Any CPU
		{09876D7C-3200-4656-858E-4B7B162647D9}.Debug|Any CPU.ActiveCfg = Debug|Any CPU
		{09876D7C-3200-4656-858E-4B7B162647D9}.Debug|Any CPU.Build.0 = Debug|Any CPU
		{09876D7C-3200-4656-858E-4B7B162647D9}.Release|Any CPU.ActiveCfg = Release|Any CPU
		{09876D7C-3200-4656-858E-4B7B162647D9}.Release|Any CPU.Build.0 = Release|Any CPU
		{A4060480-6B75-4419-AB9A-B6B22021F168}.Debug|Any CPU.ActiveCfg = Debug|Any CPU
		{A4060480-6B75-4419-AB9A-B6B22021F168}.Debug|Any CPU.Build.0 = Debug|Any CPU
		{A4060480-6B75-4419-AB9A-B6B22021F168}.Release|Any CPU.ActiveCfg = Release|Any CPU
		{A4060480-6B75-4419-AB9A-B6B22021F168}.Release|Any CPU.Build.0 = Release|Any CPU
		{A952969F-2C9A-428C-9A1F-7D46E70AD9AA}.Debug|Any CPU.ActiveCfg = Debug|Any CPU
		{A952969F-2C9A-428C-9A1F-7D46E70AD9AA}.Debug|Any CPU.Build.0 = Debug|Any CPU
		{A952969F-2C9A-428C-9A1F-7D46E70AD9AA}.Release|Any CPU.ActiveCfg = Release|Any CPU
		{A952969F-2C9A-428C-9A1F-7D46E70AD9AA}.Release|Any CPU.Build.0 = Release|Any CPU
		{F2751B22-D47B-405E-8C00-DFF0EE31A577}.Debug|Any CPU.ActiveCfg = Debug|Any CPU
		{F2751B22-D47B-405E-8C00-DFF0EE31A577}.Debug|Any CPU.Build.0 = Debug|Any CPU
		{F2751B22-D47B-405E-8C00-DFF0EE31A577}.Release|Any CPU.ActiveCfg = Release|Any CPU
		{F2751B22-D47B-405E-8C00-DFF0EE31A577}.Release|Any CPU.Build.0 = Release|Any CPU
		{99FD52B3-BCA5-426C-B25C-56DBD08CE97C}.Debug|Any CPU.ActiveCfg = Debug|Any CPU
		{99FD52B3-BCA5-426C-B25C-56DBD08CE97C}.Debug|Any CPU.Build.0 = Debug|Any CPU
		{99FD52B3-BCA5-426C-B25C-56DBD08CE97C}.Release|Any CPU.ActiveCfg = Release|Any CPU
		{99FD52B3-BCA5-426C-B25C-56DBD08CE97C}.Release|Any CPU.Build.0 = Release|Any CPU
		{2472C815-8299-4CB1-AE86-7753AE6B3205}.Debug|Any CPU.ActiveCfg = Debug|Any CPU
		{2472C815-8299-4CB1-AE86-7753AE6B3205}.Debug|Any CPU.Build.0 = Debug|Any CPU
		{2472C815-8299-4CB1-AE86-7753AE6B3205}.Release|Any CPU.ActiveCfg = Release|Any CPU
		{2472C815-8299-4CB1-AE86-7753AE6B3205}.Release|Any CPU.Build.0 = Release|Any CPU
		{69B5FE88-EF0C-4806-9205-7A9966295169}.Debug|Any CPU.ActiveCfg = Debug|Any CPU
		{69B5FE88-EF0C-4806-9205-7A9966295169}.Debug|Any CPU.Build.0 = Debug|Any CPU
		{69B5FE88-EF0C-4806-9205-7A9966295169}.Release|Any CPU.ActiveCfg = Release|Any CPU
		{69B5FE88-EF0C-4806-9205-7A9966295169}.Release|Any CPU.Build.0 = Release|Any CPU
		{AC7060AE-4403-4605-B723-553CD2794833}.Debug|Any CPU.ActiveCfg = Debug|Any CPU
		{AC7060AE-4403-4605-B723-553CD2794833}.Debug|Any CPU.Build.0 = Debug|Any CPU
		{AC7060AE-4403-4605-B723-553CD2794833}.Release|Any CPU.ActiveCfg = Release|Any CPU
		{AC7060AE-4403-4605-B723-553CD2794833}.Release|Any CPU.Build.0 = Release|Any CPU
		{B2EAA23D-C81B-4E2B-9E2E-EFB7F587398D}.Debug|Any CPU.ActiveCfg = Debug|Any CPU
		{B2EAA23D-C81B-4E2B-9E2E-EFB7F587398D}.Debug|Any CPU.Build.0 = Debug|Any CPU
		{B2EAA23D-C81B-4E2B-9E2E-EFB7F587398D}.Release|Any CPU.ActiveCfg = Release|Any CPU
		{B2EAA23D-C81B-4E2B-9E2E-EFB7F587398D}.Release|Any CPU.Build.0 = Release|Any CPU
	EndGlobalSection
EndGlobal
